// !$*UTF8*$!
{
	archiveVersion = 1;
	classes = {
	};
	objectVersion = 48;
	objects = {

/* Begin PBXBuildFile section */
		EC14E4A42006D33500F33C73 /* AppDelegate.swift in Sources */ = {isa = PBXBuildFile; fileRef = EC14E4A32006D33500F33C73 /* AppDelegate.swift */; };
		EC14E4A62006D33500F33C73 /* ViewController.swift in Sources */ = {isa = PBXBuildFile; fileRef = EC14E4A52006D33500F33C73 /* ViewController.swift */; };
		EC14E4A92006D33500F33C73 /* Main.storyboard in Resources */ = {isa = PBXBuildFile; fileRef = EC14E4A72006D33500F33C73 /* Main.storyboard */; };
		EC14E4AC2006D33500F33C73 /* KeyChain_UserDefaults.xcdatamodeld in Sources */ = {isa = PBXBuildFile; fileRef = EC14E4AA2006D33500F33C73 /* KeyChain_UserDefaults.xcdatamodeld */; };
		EC14E4AE2006D33500F33C73 /* Assets.xcassets in Resources */ = {isa = PBXBuildFile; fileRef = EC14E4AD2006D33500F33C73 /* Assets.xcassets */; };
		EC14E4B12006D33500F33C73 /* LaunchScreen.storyboard in Resources */ = {isa = PBXBuildFile; fileRef = EC14E4AF2006D33500F33C73 /* LaunchScreen.storyboard */; };
/* End PBXBuildFile section */

/* Begin PBXFileReference section */
		EC14E4A02006D33500F33C73 /* KeyChain-UserDefaults.app */ = {isa = PBXFileReference; explicitFileType = wrapper.application; includeInIndex = 0; path = "KeyChain-UserDefaults.app"; sourceTree = BUILT_PRODUCTS_DIR; };
		EC14E4A32006D33500F33C73 /* AppDelegate.swift */ = {isa = PBXFileReference; lastKnownFileType = sourcecode.swift; path = AppDelegate.swift; sourceTree = "<group>"; };
		EC14E4A52006D33500F33C73 /* ViewController.swift */ = {isa = PBXFileReference; lastKnownFileType = sourcecode.swift; path = ViewController.swift; sourceTree = "<group>"; };
		EC14E4A82006D33500F33C73 /* Base */ = {isa = PBXFileReference; lastKnownFileType = file.storyboard; name = Base; path = Base.lproj/Main.storyboard; sourceTree = "<group>"; };
		EC14E4AB2006D33500F33C73 /* KeyChain_UserDefaults.xcdatamodel */ = {isa = PBXFileReference; lastKnownFileType = wrapper.xcdatamodel; path = KeyChain_UserDefaults.xcdatamodel; sourceTree = "<group>"; };
		EC14E4AD2006D33500F33C73 /* Assets.xcassets */ = {isa = PBXFileReference; lastKnownFileType = folder.assetcatalog; path = Assets.xcassets; sourceTree = "<group>"; };
		EC14E4B02006D33500F33C73 /* Base */ = {isa = PBXFileReference; lastKnownFileType = file.storyboard; name = Base; path = Base.lproj/LaunchScreen.storyboard; sourceTree = "<group>"; };
		EC14E4B22006D33500F33C73 /* Info.plist */ = {isa = PBXFileReference; lastKnownFileType = text.plist.xml; path = Info.plist; sourceTree = "<group>"; };
/* End PBXFileReference section */

/* Begin PBXFrameworksBuildPhase section */
		EC14E49D2006D33500F33C73 /* Frameworks */ = {
			isa = PBXFrameworksBuildPhase;
			buildActionMask = 2147483647;
			files = (
			);
			runOnlyForDeploymentPostprocessing = 0;
		};
/* End PBXFrameworksBuildPhase section */

/* Begin PBXGroup section */
		EC14E4972006D33500F33C73 = {
			isa = PBXGroup;
			children = (
				EC14E4A22006D33500F33C73 /* KeyChain-UserDefaults */,
				EC14E4A12006D33500F33C73 /* Products */,
			);
			sourceTree = "<group>";
		};
		EC14E4A12006D33500F33C73 /* Products */ = {
			isa = PBXGroup;
			children = (
				EC14E4A02006D33500F33C73 /* KeyChain-UserDefaults.app */,
			);
			name = Products;
			sourceTree = "<group>";
		};
		EC14E4A22006D33500F33C73 /* KeyChain-UserDefaults */ = {
			isa = PBXGroup;
			children = (
				EC14E4A32006D33500F33C73 /* AppDelegate.swift */,
				EC14E4A52006D33500F33C73 /* ViewController.swift */,
				EC14E4A72006D33500F33C73 /* Main.storyboard */,
				EC14E4AD2006D33500F33C73 /* Assets.xcassets */,
				EC14E4AF2006D33500F33C73 /* LaunchScreen.storyboard */,
				EC14E4B22006D33500F33C73 /* Info.plist */,
				EC14E4AA2006D33500F33C73 /* KeyChain_UserDefaults.xcdatamodeld */,
			);
			path = "KeyChain-UserDefaults";
			sourceTree = "<group>";
		};
/* End PBXGroup section */

/* Begin PBXNativeTarget section */
		EC14E49F2006D33500F33C73 /* KeyChain-UserDefaults */ = {
			isa = PBXNativeTarget;
			buildConfigurationList = EC14E4B52006D33500F33C73 /* Build configuration list for PBXNativeTarget "KeyChain-UserDefaults" */;
			buildPhases = (
				EC14E49C2006D33500F33C73 /* Sources */,
				EC14E49D2006D33500F33C73 /* Frameworks */,
				EC14E49E2006D33500F33C73 /* Resources */,
			);
			buildRules = (
			);
			dependencies = (
			);
			name = "KeyChain-UserDefaults";
			productName = "KeyChain-UserDefaults";
			productReference = EC14E4A02006D33500F33C73 /* KeyChain-UserDefaults.app */;
			productType = "com.apple.product-type.application";
		};
/* End PBXNativeTarget section */

/* Begin PBXProject section */
		EC14E4982006D33500F33C73 /* Project object */ = {
			isa = PBXProject;
			attributes = {
				LastSwiftUpdateCheck = 0900;
				LastUpgradeCheck = 0900;
				ORGANIZATIONNAME = "App Solutions";
				TargetAttributes = {
					EC14E49F2006D33500F33C73 = {
						CreatedOnToolsVersion = 9.0;
						ProvisioningStyle = Automatic;
					};
				};
			};
			buildConfigurationList = EC14E49B2006D33500F33C73 /* Build configuration list for PBXProject "KeyChain-UserDefaults" */;
			compatibilityVersion = "Xcode 8.0";
			developmentRegion = en;
			hasScannedForEncodings = 0;
			knownRegions = (
				en,
				Base,
			);
			mainGroup = EC14E4972006D33500F33C73;
			productRefGroup = EC14E4A12006D33500F33C73 /* Products */;
			projectDirPath = "";
			projectRoot = "";
			targets = (
				EC14E49F2006D33500F33C73 /* KeyChain-UserDefaults */,
			);
		};
/* End PBXProject section */

/* Begin PBXResourcesBuildPhase section */
		EC14E49E2006D33500F33C73 /* Resources */ = {
			isa = PBXResourcesBuildPhase;
			buildActionMask = 2147483647;
			files = (
				EC14E4B12006D33500F33C73 /* LaunchScreen.storyboard in Resources */,
				EC14E4AE2006D33500F33C73 /* Assets.xcassets in Resources */,
				EC14E4A92006D33500F33C73 /* Main.storyboard in Resources */,
			);
			runOnlyForDeploymentPostprocessing = 0;
		};
/* End PBXResourcesBuildPhase section */

/* Begin PBXSourcesBuildPhase section */
		EC14E49C2006D33500F33C73 /* Sources */ = {
			isa = PBXSourcesBuildPhase;
			buildActionMask = 2147483647;
			files = (
				EC14E4A62006D33500F33C73 /* ViewController.swift in Sources */,
				EC14E4A42006D33500F33C73 /* AppDelegate.swift in Sources */,
				EC14E4AC2006D33500F33C73 /* KeyChain_UserDefaults.xcdatamodeld in Sources */,
			);
			runOnlyForDeploymentPostprocessing = 0;
		};
/* End PBXSourcesBuildPhase section */

/* Begin PBXVariantGroup section */
		EC14E4A72006D33500F33C73 /* Main.storyboard */ = {
			isa = PBXVariantGroup;
			children = (
				EC14E4A82006D33500F33C73 /* Base */,
			);
			name = Main.storyboard;
			sourceTree = "<group>";
		};
		EC14E4AF2006D33500F33C73 /* LaunchScreen.storyboard */ = {
			isa = PBXVariantGroup;
			children = (
				EC14E4B02006D33500F33C73 /* Base */,
			);
			name = LaunchScreen.storyboard;
			sourceTree = "<group>";
		};
/* End PBXVariantGroup section */

/* Begin XCBuildConfiguration section */
		EC14E4B32006D33500F33C73 /* Debug */ = {
			isa = XCBuildConfiguration;
			buildSettings = {
				ALWAYS_SEARCH_USER_PATHS = NO;
				CLANG_ANALYZER_NONNULL = YES;
				CLANG_ANALYZER_NUMBER_OBJECT_CONVERSION = YES_AGGRESSIVE;
				CLANG_CXX_LANGUAGE_STANDARD = "gnu++14";
				CLANG_CXX_LIBRARY = "libc++";
				CLANG_ENABLE_MODULES = YES;
				CLANG_ENABLE_OBJC_ARC = YES;
				CLANG_WARN_BLOCK_CAPTURE_AUTORELEASING = YES;
				CLANG_WARN_BOOL_CONVERSION = YES;
				CLANG_WARN_COMMA = YES;
				CLANG_WARN_CONSTANT_CONVERSION = YES;
				CLANG_WARN_DIRECT_OBJC_ISA_USAGE = YES_ERROR;
				CLANG_WARN_DOCUMENTATION_COMMENTS = YES;
				CLANG_WARN_EMPTY_BODY = YES;
				CLANG_WARN_ENUM_CONVERSION = YES;
				CLANG_WARN_INFINITE_RECURSION = YES;
				CLANG_WARN_INT_CONVERSION = YES;
				CLANG_WARN_NON_LITERAL_NULL_CONVERSION = YES;
				CLANG_WARN_OBJC_LITERAL_CONVERSION = YES;
				CLANG_WARN_OBJC_ROOT_CLASS = YES_ERROR;
				CLANG_WARN_RANGE_LOOP_ANALYSIS = YES;
				CLANG_WARN_STRICT_PROTOTYPES = YES;
				CLANG_WARN_SUSPICIOUS_MOVE = YES;
				CLANG_WARN_UNGUARDED_AVAILABILITY = YES_AGGRESSIVE;
				CLANG_WARN_UNREACHABLE_CODE = YES;
				CLANG_WARN__DUPLICATE_METHOD_MATCH = YES;
				CODE_SIGN_IDENTITY = "iPhone Developer";
				COPY_PHASE_STRIP = NO;
				DEBUG_INFORMATION_FORMAT = dwarf;
				ENABLE_STRICT_OBJC_MSGSEND = YES;
				ENABLE_TESTABILITY = YES;
				GCC_C_LANGUAGE_STANDARD = gnu11;
				GCC_DYNAMIC_NO_PIC = NO;
				GCC_NO_COMMON_BLOCKS = YES;
				GCC_OPTIMIZATION_LEVEL = 0;
				GCC_PREPROCESSOR_DEFINITIONS = (
					"DEBUG=1",
					"$(inherited)",
				);
				GCC_WARN_64_TO_32_BIT_CONVERSION = YES;
				GCC_WARN_ABOUT_RETURN_TYPE = YES_ERROR;
				GCC_WARN_UNDECLARED_SELECTOR = YES;
				GCC_WARN_UNINITIALIZED_AUTOS = YES_AGGRESSIVE;
				GCC_WARN_UNUSED_FUNCTION = YES;
				GCC_WARN_UNUSED_VARIABLE = YES;
				IPHONEOS_DEPLOYMENT_TARGET = 11.0;
				MTL_ENABLE_DEBUG_INFO = YES;
				ONLY_ACTIVE_ARCH = YES;
				SDKROOT = iphoneos;
				SWIFT_ACTIVE_COMPILATION_CONDITIONS = DEBUG;
				SWIFT_OPTIMIZATION_LEVEL = "-Onone";
			};
			name = Debug;
		};
		EC14E4B42006D33500F33C73 /* Release */ = {
			isa = XCBuildConfiguration;
			buildSettings = {
				ALWAYS_SEARCH_USER_PATHS = NO;
				CLANG_ANALYZER_NONNULL = YES;
				CLANG_ANALYZER_NUMBER_OBJECT_CONVERSION = YES_AGGRESSIVE;
				CLANG_CXX_LANGUAGE_STANDARD = "gnu++14";
				CLANG_CXX_LIBRARY = "libc++";
				CLANG_ENABLE_MODULES = YES;
				CLANG_ENABLE_OBJC_ARC = YES;
				CLANG_WARN_BLOCK_CAPTURE_AUTORELEASING = YES;
				CLANG_WARN_BOOL_CONVERSION = YES;
				CLANG_WARN_COMMA = YES;
				CLANG_WARN_CONSTANT_CONVERSION = YES;
				CLANG_WARN_DIRECT_OBJC_ISA_USAGE = YES_ERROR;
				CLANG_WARN_DOCUMENTATION_COMMENTS = YES;
				CLANG_WARN_EMPTY_BODY = YES;
				CLANG_WARN_ENUM_CONVERSION = YES;
				CLANG_WARN_INFINITE_RECURSION = YES;
				CLANG_WARN_INT_CONVERSION = YES;
				CLANG_WARN_NON_LITERAL_NULL_CONVERSION = YES;
				CLANG_WARN_OBJC_LITERAL_CONVERSION = YES;
				CLANG_WARN_OBJC_ROOT_CLASS = YES_ERROR;
				CLANG_WARN_RANGE_LOOP_ANALYSIS = YES;
				CLANG_WARN_STRICT_PROTOTYPES = YES;
				CLANG_WARN_SUSPICIOUS_MOVE = YES;
				CLANG_WARN_UNGUARDED_AVAILABILITY = YES_AGGRESSIVE;
				CLANG_WARN_UNREACHABLE_CODE = YES;
				CLANG_WARN__DUPLICATE_METHOD_MATCH = YES;
				CODE_SIGN_IDENTITY = "iPhone Developer";
				COPY_PHASE_STRIP = NO;
				DEBUG_INFORMATION_FORMAT = "dwarf-with-dsym";
				ENABLE_NS_ASSERTIONS = NO;
				ENABLE_STRICT_OBJC_MSGSEND = YES;
				GCC_C_LANGUAGE_STANDARD = gnu11;
				GCC_NO_COMMON_BLOCKS = YES;
				GCC_WARN_64_TO_32_BIT_CONVERSION = YES;
				GCC_WARN_ABOUT_RETURN_TYPE = YES_ERROR;
				GCC_WARN_UNDECLARED_SELECTOR = YES;
				GCC_WARN_UNINITIALIZED_AUTOS = YES_AGGRESSIVE;
				GCC_WARN_UNUSED_FUNCTION = YES;
				GCC_WARN_UNUSED_VARIABLE = YES;
				IPHONEOS_DEPLOYMENT_TARGET = 11.0;
				MTL_ENABLE_DEBUG_INFO = NO;
				SDKROOT = iphoneos;
				SWIFT_OPTIMIZATION_LEVEL = "-Owholemodule";
				VALIDATE_PRODUCT = YES;
			};
			name = Release;
		};
		EC14E4B62006D33500F33C73 /* Debug */ = {
			isa = XCBuildConfiguration;
			buildSettings = {
				ASSETCATALOG_COMPILER_APPICON_NAME = AppIcon;
				CODE_SIGN_STYLE = Automatic;
				INFOPLIST_FILE = "KeyChain-UserDefaults/Info.plist";
				LD_RUNPATH_SEARCH_PATHS = "$(inherited) @executable_path/Frameworks";
				PRODUCT_BUNDLE_IDENTIFIER = "com.makeschool.KeyChain-UserDefaults";
				PRODUCT_NAME = "$(TARGET_NAME)";
				SWIFT_VERSION = 4.0;
				TARGETED_DEVICE_FAMILY = "1,2";
			};
			name = Debug;
		};
		EC14E4B72006D33500F33C73 /* Release */ = {
			isa = XCBuildConfiguration;
			buildSettings = {
				ASSETCATALOG_COMPILER_APPICON_NAME = AppIcon;
				CODE_SIGN_STYLE = Automatic;
				INFOPLIST_FILE = "KeyChain-UserDefaults/Info.plist";
				LD_RUNPATH_SEARCH_PATHS = "$(inherited) @executable_path/Frameworks";
				PRODUCT_BUNDLE_IDENTIFIER = "com.makeschool.KeyChain-UserDefaults";
				PRODUCT_NAME = "$(TARGET_NAME)";
				SWIFT_VERSION = 4.0;
				TARGETED_DEVICE_FAMILY = "1,2";
			};
			name = Release;
		};
/* End XCBuildConfiguration section */

/* Begin XCConfigurationList section */
		EC14E49B2006D33500F33C73 /* Build configuration list for PBXProject "KeyChain-UserDefaults" */ = {
			isa = XCConfigurationList;
			buildConfigurations = (
				EC14E4B32006D33500F33C73 /* Debug */,
				EC14E4B42006D33500F33C73 /* Release */,
			);
			defaultConfigurationIsVisible = 0;
			defaultConfigurationName = Release;
		};
		EC14E4B52006D33500F33C73 /* Build configuration list for PBXNativeTarget "KeyChain-UserDefaults" */ = {
			isa = XCConfigurationList;
			buildConfigurations = (
				EC14E4B62006D33500F33C73 /* Debug */,
				EC14E4B72006D33500F33C73 /* Release */,
			);
			defaultConfigurationIsVisible = 0;
			defaultConfigurationName = Release;
		};
/* End XCConfigurationList section */

/* Begin XCVersionGroup section */
		EC14E4AA2006D33500F33C73 /* KeyChain_UserDefaults.xcdatamodeld */ = {
			isa = XCVersionGroup;
			children = (
				EC14E4AB2006D33500F33C73 /* KeyChain_UserDefaults.xcdatamodel */,
			);
			currentVersion = EC14E4AB2006D33500F33C73 /* KeyChain_UserDefaults.xcdatamodel */;
			path = KeyChain_UserDefaults.xcdatamodeld;
			sourceTree = "<group>";
			versionGroupType = wrapper.xcdatamodel;
		};
/* End XCVersionGroup section */
	};
	rootObject = EC14E4982006D33500F33C73 /* Project object */;
}
